{
  "name": "www-blockclock",
  "version": "1.0.0",
  "lockfileVersion": 3,
  "requires": true,
  "packages": {
    "": {
      "name": "www-blockclock",
      "version": "1.0.0",
      "license": "MIT",
      "dependencies": {
        "bfile": "^0.2.2",
        "bfilter": "^1.0.5",
        "blgr": "^0.2.0",
        "bweb": "^0.1.10",
        "hs-client": "0.0.9",
        "zeromq": "^6.5.0"
      }
    },
    "node_modules/bcfg": {
      "version": "0.1.7",
      "resolved": "https://registry.npmjs.org/bcfg/-/bcfg-0.1.7.tgz",
      "integrity": "sha512-+4beq5bXwfmxdcEoHYQsaXawh1qFzjLcRvPe5k5ww/NEWzZTm56Jk8LuPmfeGB7X584jZ8xGq6UgMaZnNDa5Ww==",
      "dependencies": {
        "bsert": "~0.0.10"
      },
      "engines": {
        "node": ">=8.0.0"
      }
    },
    "node_modules/bcurl": {
      "version": "0.1.9",
      "resolved": "https://registry.npmjs.org/bcurl/-/bcurl-0.1.9.tgz",
      "integrity": "sha512-WV9LKCqFPtmGwIOqHexJx3Mm/9H/G5bwSCZxJXq9WRrnVQmd58L+Ltxgp/2QicveDG6AgTfepP6JtNiYWbbeHQ==",
      "dependencies": {
        "brq": "~0.1.8",
        "bsert": "~0.0.10",
        "bsock": "~0.1.9"
      },
      "engines": {
        "node": ">=8.0.0"
      }
    },
    "node_modules/bfile": {
      "version": "0.2.2",
      "resolved": "https://registry.npmjs.org/bfile/-/bfile-0.2.2.tgz",
      "integrity": "sha512-X205SsJ7zFAnjeJ/pBLqDqF10x/4Su3pBy8UdVKw4hdGJk7t5pLoRi+uG4rPaDAClGbrEfT/06PGUbYiMYKzTg==",
      "engines": {
        "node": ">=8.0.0"
      }
    },
    "node_modules/bfilter": {
      "version": "1.0.5",
      "resolved": "https://registry.npmjs.org/bfilter/-/bfilter-1.0.5.tgz",
      "integrity": "sha512-GupIidtCvLbKhXnA1sxvrwa+gh95qbjafy7P1U1x/2DHxNabXq4nGW0x3rmgzlJMYlVl+c8fMxoMRIwpKYlgcQ==",
      "dependencies": {
        "bsert": "~0.0.10",
        "bufio": "~1.0.6",
        "mrmr": "~0.1.6"
      },
      "engines": {
        "node": ">=8.0.0"
      }
    },
    "node_modules/blgr": {
      "version": "0.2.0",
      "resolved": "https://registry.npmjs.org/blgr/-/blgr-0.2.0.tgz",
      "integrity": "sha512-2jZdqajYCGD5rwGdOooQpxgjKsiAAV2g8LapwSnbTjAYTZAqmqBAS+GsVGFi+/y7t1Pspidv/5HsWBbJrsEuFw==",
      "dependencies": {
        "bsert": "~0.0.10"
      },
      "engines": {
        "node": ">=8.0.0"
      }
    },
    "node_modules/brq": {
      "version": "0.1.8",
      "resolved": "https://registry.npmjs.org/brq/-/brq-0.1.8.tgz",
      "integrity": "sha512-6SDY1lJMKXgt5TZ6voJQMH2zV1XPWWtm203PSkx3DSg9AYNYuRfOPFSBDkNemabzgpzFW9/neR4YhTvyJml8rQ==",
      "dependencies": {
        "bsert": "~0.0.10"
      },
      "engines": {
        "node": ">=8.0.0"
      }
    },
    "node_modules/bsert": {
      "version": "0.0.10",
      "resolved": "https://registry.npmjs.org/bsert/-/bsert-0.0.10.tgz",
      "integrity": "sha512-NHNwlac+WPy4t2LoNh8pXk8uaIGH3NSaIUbTTRXGpE2WEbq0te/tDykYHkFK57YKLPjv/aGHmbqvnGeVWDz57Q==",
      "engines": {
        "node": ">=8.0.0"
      }
    },
    "node_modules/bsock": {
      "version": "0.1.9",
      "resolved": "https://registry.npmjs.org/bsock/-/bsock-0.1.9.tgz",
      "integrity": "sha512-/l9Kg/c5o+n/0AqreMxh2jpzDMl1ikl4gUxT7RFNe3A3YRIyZkiREhwcjmqxiymJSRI/Qhew357xGn1SLw/xEw==",
      "dependencies": {
        "bsert": "~0.0.10"
      },
      "engines": {
        "node": ">=8.0.0"
      }
    },
    "node_modules/bufio": {
      "version": "1.0.7",
      "resolved": "https://registry.npmjs.org/bufio/-/bufio-1.0.7.tgz",
      "integrity": "sha512-bd1dDQhiC+bEbEfg56IdBv7faWa6OipMs/AFFFvtFnB3wAYjlwQpQRZ0pm6ZkgtfL0pILRXhKxOiQj6UzoMR7A==",
      "engines": {
        "node": ">=8.0.0"
      }
    },
    "node_modules/bweb": {
      "version": "0.1.10",
      "resolved": "https://registry.npmjs.org/bweb/-/bweb-0.1.10.tgz",
      "integrity": "sha512-3Kkz/rfsyAWUS+8DV5XYhwcgVN4DfDewrP+iFTcpQfdZzcF6+OypAq7dHOtXV0sW7U/3msA/sEEqz0MHZ9ERWg==",
      "dependencies": {
        "bsert": "~0.0.10",
        "bsock": "~0.1.8"
      },
      "bin": {
        "bweb": "bin/bweb"
      },
      "engines": {
        "node": ">=8.0.0"
      }
    },
    "node_modules/cmake-ts": {
      "version": "1.0.2",
      "resolved": "https://registry.npmjs.org/cmake-ts/-/cmake-ts-1.0.2.tgz",
      "integrity": "sha512-5l++JHE7MxFuyV/OwJf3ek7ZZN1aGPFPM5oUz6AnK5inQAPe4TFXRMz5sA2qg2FRgByPWdqO+gSfIPo8GzoKNQ==",
      "bin": {
        "cmake-ts": "build/main.js"
      }
    },
    "node_modules/hs-client": {
      "version": "0.0.9",
      "resolved": "https://registry.npmjs.org/hs-client/-/hs-client-0.0.9.tgz",
      "integrity": "sha512-TAsexmpPhSVdCQ1iiX4bBnuqlThTSdGz/YKq+vjLSS1TZ2TwKxERJ8vZh1Wd6GGaMGLZl99uQR+2wUyk4HLSbg==",
      "dependencies": {
        "bcfg": "~0.1.6",
        "bcurl": "~0.1.9",
        "bsert": "~0.0.10"
      },
      "bin": {
        "hsd-cli": "bin/hsd-cli",
        "hsd-rpc": "bin/hsd-rpc",
        "hsw-cli": "bin/hsw-cli",
        "hsw-rpc": "bin/hsw-rpc"
      },
      "engines": {
        "node": ">=8.0.0"
      }
    },
    "node_modules/loady": {
      "version": "0.0.5",
      "resolved": "https://registry.npmjs.org/loady/-/loady-0.0.5.tgz",
      "integrity": "sha512-uxKD2HIj042/HBx77NBcmEPsD+hxCgAtjEWlYNScuUjIsh/62Uyu39GOR68TBR68v+jqDL9zfftCWoUo4y03sQ==",
      "engines": {
        "node": ">=8.0.0"
      }
    },
    "node_modules/mrmr": {
      "version": "0.1.10",
      "resolved": "https://registry.npmjs.org/mrmr/-/mrmr-0.1.10.tgz",
      "integrity": "sha512-NJRJs+yJyRWwcTqLRf7O32n56UP1+UQoTrGVEoB3LMj0h2jlon790drDbxKvi5mK5k4HfC0cpNkxqHcrJK/evg==",
      "hasInstallScript": true,
      "dependencies": {
        "bsert": "~0.0.10",
        "loady": "~0.0.5"
      },
      "engines": {
        "node": ">=8.0.0"
      }
    },
    "node_modules/node-addon-api": {
      "version": "8.5.0",
      "resolved": "https://registry.npmjs.org/node-addon-api/-/node-addon-api-8.5.0.tgz",
      "integrity": "sha512-/bRZty2mXUIFY/xU5HLvveNHlswNJej+RnxBjOMkidWfwZzgTbPG1E3K5TOxRLOR+5hX7bSofy8yf1hZevMS8A==",
      "engines": {
        "node": "^18 || ^20 || >= 21"
      }
    },
    "node_modules/zeromq": {
      "version": "6.5.0",
      "resolved": "https://registry.npmjs.org/zeromq/-/zeromq-6.5.0.tgz",
      "integrity": "sha512-vWOrt19lvcXTxu5tiHXfEGQuldSlU+qZn2TT+4EbRQzaciWGwNZ99QQTolQOmcwVgZLodv+1QfC6UZs2PX/6pQ==",
      "hasInstallScript": true,
      "dependencies": {
        "cmake-ts": "1.0.2",
        "node-addon-api": "^8.3.1"
      },
      "engines": {
        "node": ">= 12"
      }
    }
  }
}
