{
  "name": "hns-blockclock",
  "version": "1.0.0",
  "lockfileVersion": 1,
  "requires": true,
  "dependencies": {
    "bcfg": {
      "version": "0.1.7",
      "resolved": "https://registry.npmjs.org/bcfg/-/bcfg-0.1.7.tgz",
      "integrity": "sha512-+4beq5bXwfmxdcEoHYQsaXawh1qFzjLcRvPe5k5ww/NEWzZTm56Jk8LuPmfeGB7X584jZ8xGq6UgMaZnNDa5Ww==",
      "requires": {
        "bsert": "~0.0.10"
      }
    },
    "bcurl": {
      "version": "0.1.9",
      "resolved": "https://registry.npmjs.org/bcurl/-/bcurl-0.1.9.tgz",
      "integrity": "sha512-WV9LKCqFPtmGwIOqHexJx3Mm/9H/G5bwSCZxJXq9WRrnVQmd58L+Ltxgp/2QicveDG6AgTfepP6JtNiYWbbeHQ==",
      "requires": {
        "brq": "~0.1.8",
        "bsert": "~0.0.10",
        "bsock": "~0.1.9"
      }
    },
    "bfile": {
      "version": "0.2.2",
      "resolved": "https://registry.npmjs.org/bfile/-/bfile-0.2.2.tgz",
      "integrity": "sha512-X205SsJ7zFAnjeJ/pBLqDqF10x/4Su3pBy8UdVKw4hdGJk7t5pLoRi+uG4rPaDAClGbrEfT/06PGUbYiMYKzTg=="
    },
    "bfilter": {
      "version": "1.0.5",
      "resolved": "https://registry.npmjs.org/bfilter/-/bfilter-1.0.5.tgz",
      "integrity": "sha512-GupIidtCvLbKhXnA1sxvrwa+gh95qbjafy7P1U1x/2DHxNabXq4nGW0x3rmgzlJMYlVl+c8fMxoMRIwpKYlgcQ==",
      "requires": {
        "bsert": "~0.0.10",
        "bufio": "~1.0.6",
        "mrmr": "~0.1.6"
      }
    },
    "blgr": {
      "version": "0.2.0",
      "resolved": "https://registry.npmjs.org/blgr/-/blgr-0.2.0.tgz",
      "integrity": "sha512-2jZdqajYCGD5rwGdOooQpxgjKsiAAV2g8LapwSnbTjAYTZAqmqBAS+GsVGFi+/y7t1Pspidv/5HsWBbJrsEuFw==",
      "requires": {
        "bsert": "~0.0.10"
      }
    },
    "brq": {
      "version": "0.1.8",
      "resolved": "https://registry.npmjs.org/brq/-/brq-0.1.8.tgz",
      "integrity": "sha512-6SDY1lJMKXgt5TZ6voJQMH2zV1XPWWtm203PSkx3DSg9AYNYuRfOPFSBDkNemabzgpzFW9/neR4YhTvyJml8rQ==",
      "requires": {
        "bsert": "~0.0.10"
      }
    },
    "bsert": {
      "version": "0.0.10",
      "resolved": "https://registry.npmjs.org/bsert/-/bsert-0.0.10.tgz",
      "integrity": "sha512-NHNwlac+WPy4t2LoNh8pXk8uaIGH3NSaIUbTTRXGpE2WEbq0te/tDykYHkFK57YKLPjv/aGHmbqvnGeVWDz57Q=="
    },
    "bsock": {
      "version": "0.1.9",
      "resolved": "https://registry.npmjs.org/bsock/-/bsock-0.1.9.tgz",
      "integrity": "sha512-/l9Kg/c5o+n/0AqreMxh2jpzDMl1ikl4gUxT7RFNe3A3YRIyZkiREhwcjmqxiymJSRI/Qhew357xGn1SLw/xEw==",
      "requires": {
        "bsert": "~0.0.10"
      }
    },
    "bufio": {
      "version": "1.0.7",
      "resolved": "https://registry.npmjs.org/bufio/-/bufio-1.0.7.tgz",
      "integrity": "sha512-bd1dDQhiC+bEbEfg56IdBv7faWa6OipMs/AFFFvtFnB3wAYjlwQpQRZ0pm6ZkgtfL0pILRXhKxOiQj6UzoMR7A=="
    },
    "bweb": {
      "version": "0.1.10",
      "resolved": "https://registry.npmjs.org/bweb/-/bweb-0.1.10.tgz",
      "integrity": "sha512-3Kkz/rfsyAWUS+8DV5XYhwcgVN4DfDewrP+iFTcpQfdZzcF6+OypAq7dHOtXV0sW7U/3msA/sEEqz0MHZ9ERWg==",
      "requires": {
        "bsert": "~0.0.10",
        "bsock": "~0.1.8"
      }
    },
    "hs-client": {
      "version": "0.0.9",
      "resolved": "https://registry.npmjs.org/hs-client/-/hs-client-0.0.9.tgz",
      "integrity": "sha512-TAsexmpPhSVdCQ1iiX4bBnuqlThTSdGz/YKq+vjLSS1TZ2TwKxERJ8vZh1Wd6GGaMGLZl99uQR+2wUyk4HLSbg==",
      "requires": {
        "bcfg": "~0.1.6",
        "bcurl": "~0.1.9",
        "bsert": "~0.0.10"
      }
    },
    "loady": {
      "version": "0.0.5",
      "resolved": "https://registry.npmjs.org/loady/-/loady-0.0.5.tgz",
      "integrity": "sha512-uxKD2HIj042/HBx77NBcmEPsD+hxCgAtjEWlYNScuUjIsh/62Uyu39GOR68TBR68v+jqDL9zfftCWoUo4y03sQ=="
    },
    "mrmr": {
      "version": "0.1.10",
      "resolved": "https://registry.npmjs.org/mrmr/-/mrmr-0.1.10.tgz",
      "integrity": "sha512-NJRJs+yJyRWwcTqLRf7O32n56UP1+UQoTrGVEoB3LMj0h2jlon790drDbxKvi5mK5k4HfC0cpNkxqHcrJK/evg==",
      "requires": {
        "bsert": "~0.0.10",
        "loady": "~0.0.5"
      }
    }
  }
}
